// !$*UTF8*$!
{
	archiveVersion = 1;
	classes = {
	};
	objectVersion = 56;
	objects = {

/* Begin PBXBuildFile section */
		2D6E67C41D2CE8963671545F /* Pods_EyesMapTests.framework in Frameworks */ = {isa = PBXBuildFile; fileRef = 952C865199B62CCB80BD7609 /* Pods_EyesMapTests.framework */; };
		371221A12A97309400AEA499 /* LocationDataViewController.swift in Sources */ = {isa = PBXBuildFile; fileRef = 371221A02A97309400AEA499 /* LocationDataViewController.swift */; };
		371221A72A97535100AEA499 /* MapView.swift in Sources */ = {isa = PBXBuildFile; fileRef = 371221A62A97535100AEA499 /* MapView.swift */; };
		371221A92A975BDD00AEA499 /* RankingView.swift in Sources */ = {isa = PBXBuildFile; fileRef = 371221A82A975BDD00AEA499 /* RankingView.swift */; };
		371221AE2A976E7B00AEA499 /* UIButton.swift in Sources */ = {isa = PBXBuildFile; fileRef = 371221AD2A976E7B00AEA499 /* UIButton.swift */; };
		371221B02A977ABF00AEA499 /* TotalView.swift in Sources */ = {isa = PBXBuildFile; fileRef = 371221AF2A977ABF00AEA499 /* TotalView.swift */; };
		371221B22A979AC600AEA499 /* JachiDetailView.swift in Sources */ = {isa = PBXBuildFile; fileRef = 371221B12A979AC600AEA499 /* JachiDetailView.swift */; };
		371221B62A97D1B100AEA499 /* RankingTableViewCell.swift in Sources */ = {isa = PBXBuildFile; fileRef = 371221B52A97D1B100AEA499 /* RankingTableViewCell.swift */; };
		3719E9B82AA4BF4F00B0E1B2 /* JachiReportRankingManger.swift in Sources */ = {isa = PBXBuildFile; fileRef = 3719E9B72AA4BF4F00B0E1B2 /* JachiReportRankingManger.swift */; };
		3719E9BA2AA4CBB000B0E1B2 /* JachiTableViewCell.swift in Sources */ = {isa = PBXBuildFile; fileRef = 3719E9B92AA4CBB000B0E1B2 /* JachiTableViewCell.swift */; };
		374AEABC2AA8B9F0007D266E /* HallofFameView.swift in Sources */ = {isa = PBXBuildFile; fileRef = 374AEABB2AA8B9F0007D266E /* HallofFameView.swift */; };
		374AEABF2AA8BA3A007D266E /* HallTableViewCell.swift in Sources */ = {isa = PBXBuildFile; fileRef = 374AEABE2AA8BA3A007D266E /* HallTableViewCell.swift */; };
		374AEAC22AA8BA82007D266E /* HallOfFameManager.swift in Sources */ = {isa = PBXBuildFile; fileRef = 374AEAC12AA8BA82007D266E /* HallOfFameManager.swift */; };
		374AEAC42AA8BA9C007D266E /* HallRouter.swift in Sources */ = {isa = PBXBuildFile; fileRef = 374AEAC32AA8BA9C007D266E /* HallRouter.swift */; };
		374AEAC62AA8CFF9007D266E /* HallMyInfoManager.swift in Sources */ = {isa = PBXBuildFile; fileRef = 374AEAC52AA8CFF9007D266E /* HallMyInfoManager.swift */; };
		375264A12AA0CDD800A68801 /* RankingRouter.swift in Sources */ = {isa = PBXBuildFile; fileRef = 375264A02AA0CDD800A68801 /* RankingRouter.swift */; };
		37D3D0582A9E013C00EC0F09 /* LocationReportRankingManager.swift in Sources */ = {isa = PBXBuildFile; fileRef = 37D3D0572A9E013C00EC0F09 /* LocationReportRankingManager.swift */; };
		37ED1DD02A93486700636B6A /* Secret.swift in Sources */ = {isa = PBXBuildFile; fileRef = 37ED1DCF2A93486700636B6A /* Secret.swift */; };
		37ED1DD22A93488A00636B6A /* TextField.swift in Sources */ = {isa = PBXBuildFile; fileRef = 37ED1DD12A93488A00636B6A /* TextField.swift */; };
		47198FA02A94855B00349181 /* TokenManager.swift in Sources */ = {isa = PBXBuildFile; fileRef = 47198F9F2A94855B00349181 /* TokenManager.swift */; };
		47198FA22A94963900349181 /* ModifyProfileViewController.swift in Sources */ = {isa = PBXBuildFile; fileRef = 47198FA12A94963900349181 /* ModifyProfileViewController.swift */; };
		47198FA42A94987E00349181 /* ProfileSetImageView.swift in Sources */ = {isa = PBXBuildFile; fileRef = 47198FA32A94987E00349181 /* ProfileSetImageView.swift */; };
		47198FA82A9C996600349181 /* HallOfFameViewController.swift in Sources */ = {isa = PBXBuildFile; fileRef = 47198FA72A9C996600349181 /* HallOfFameViewController.swift */; };
		47198FAA2A9C9AC000349181 /* UIView.swift in Sources */ = {isa = PBXBuildFile; fileRef = 47198FA92A9C9AC000349181 /* UIView.swift */; };
		47198FAD2A9C9C8800349181 /* MyFameView.swift in Sources */ = {isa = PBXBuildFile; fileRef = 47198FAC2A9C9C8800349181 /* MyFameView.swift */; };
		47198FB02A9DEFB400349181 /* ReportNetworkManager.swift in Sources */ = {isa = PBXBuildFile; fileRef = 47198FAF2A9DEFB400349181 /* ReportNetworkManager.swift */; };
		47198FB22A9DEFDF00349181 /* ReportRouter.swift in Sources */ = {isa = PBXBuildFile; fileRef = 47198FB12A9DEFDF00349181 /* ReportRouter.swift */; };
		47198FB52A9DF81900349181 /* ProfileNetworkManager.swift in Sources */ = {isa = PBXBuildFile; fileRef = 47198FB42A9DF81900349181 /* ProfileNetworkManager.swift */; };
		47198FB72A9DF83500349181 /* ProfileRouter.swift in Sources */ = {isa = PBXBuildFile; fileRef = 47198FB62A9DF83500349181 /* ProfileRouter.swift */; };
		47198FB92A9E297300349181 /* ProfileEmptyView.swift in Sources */ = {isa = PBXBuildFile; fileRef = 47198FB82A9E297300349181 /* ProfileEmptyView.swift */; };
		4757469D2AA1860900A262B1 /* ImageConverter.swift in Sources */ = {isa = PBXBuildFile; fileRef = 4757469C2AA1860900A262B1 /* ImageConverter.swift */; };
		475B74302A90A5E200C8BB97 /* GeoCodingModel.swift in Sources */ = {isa = PBXBuildFile; fileRef = 475B742F2A90A5E200C8BB97 /* GeoCodingModel.swift */; };
		475B74342A90ADB900C8BB97 /* GeoCodingNetworkManager.swift in Sources */ = {isa = PBXBuildFile; fileRef = 475B74332A90ADB900C8BB97 /* GeoCodingNetworkManager.swift */; };
		475B74362A90CA0900C8BB97 /* RestoreAlertController.swift in Sources */ = {isa = PBXBuildFile; fileRef = 475B74352A90CA0900C8BB97 /* RestoreAlertController.swift */; };
		475B743E2A93003C00C8BB97 /* ReportViewController.swift in Sources */ = {isa = PBXBuildFile; fileRef = 475B743D2A93003C00C8BB97 /* ReportViewController.swift */; };
		475B74402A93006400C8BB97 /* ReportImageColletionViewCell.swift in Sources */ = {isa = PBXBuildFile; fileRef = 475B743F2A93006400C8BB97 /* ReportImageColletionViewCell.swift */; };
		475B74442A93485600C8BB97 /* LoginViewController.swift in Sources */ = {isa = PBXBuildFile; fileRef = 475B74432A93485500C8BB97 /* LoginViewController.swift */; };
		475B74472A9359AC00C8BB97 /* AuthNetworkManager.swift in Sources */ = {isa = PBXBuildFile; fileRef = 475B74462A9359AC00C8BB97 /* AuthNetworkManager.swift */; };
		475B744C2A935E1D00C8BB97 /* HttpRouter.swift in Sources */ = {isa = PBXBuildFile; fileRef = 475B744B2A935E1D00C8BB97 /* HttpRouter.swift */; };
		475B744E2A935E3C00C8BB97 /* AuthRouter.swift in Sources */ = {isa = PBXBuildFile; fileRef = 475B744D2A935E3C00C8BB97 /* AuthRouter.swift */; };
		478CA0202A6E600F000FA196 /* AppDelegate.swift in Sources */ = {isa = PBXBuildFile; fileRef = 478CA01F2A6E600F000FA196 /* AppDelegate.swift */; };
		478CA0222A6E600F000FA196 /* SceneDelegate.swift in Sources */ = {isa = PBXBuildFile; fileRef = 478CA0212A6E600F000FA196 /* SceneDelegate.swift */; };
		478CA0242A6E600F000FA196 /* HomeViewController.swift in Sources */ = {isa = PBXBuildFile; fileRef = 478CA0232A6E600F000FA196 /* HomeViewController.swift */; };
		478CA0292A6E6012000FA196 /* Assets.xcassets in Resources */ = {isa = PBXBuildFile; fileRef = 478CA0282A6E6012000FA196 /* Assets.xcassets */; };
		478CA02C2A6E6012000FA196 /* LaunchScreen.storyboard in Resources */ = {isa = PBXBuildFile; fileRef = 478CA02A2A6E6012000FA196 /* LaunchScreen.storyboard */; };
		478CA0372A6E6012000FA196 /* EyesMapTests.swift in Sources */ = {isa = PBXBuildFile; fileRef = 478CA0362A6E6012000FA196 /* EyesMapTests.swift */; };
		478CA0412A6E6012000FA196 /* EyesMapUITests.swift in Sources */ = {isa = PBXBuildFile; fileRef = 478CA0402A6E6012000FA196 /* EyesMapUITests.swift */; };
		478CA0432A6E6012000FA196 /* EyesMapUITestsLaunchTests.swift in Sources */ = {isa = PBXBuildFile; fileRef = 478CA0422A6E6012000FA196 /* EyesMapUITestsLaunchTests.swift */; };
		478CA05A2A6EB21F000FA196 /* LocationHandler.swift in Sources */ = {isa = PBXBuildFile; fileRef = 478CA0592A6EB21F000FA196 /* LocationHandler.swift */; };
		47CB4A842A7941DE00E001D2 /* Double.swift in Sources */ = {isa = PBXBuildFile; fileRef = 47CB4A832A7941DE00E001D2 /* Double.swift */; };
		47E0499D2A8A2D10000A789D /* SettingViewController.swift in Sources */ = {isa = PBXBuildFile; fileRef = 47E0499C2A8A2D10000A789D /* SettingViewController.swift */; };
		47E049A02A8A31D2000A789D /* TapBarController.swift in Sources */ = {isa = PBXBuildFile; fileRef = 47E0499F2A8A31D2000A789D /* TapBarController.swift */; };
		47E049A72A8B644B000A789D /* CustomToggleButton.swift in Sources */ = {isa = PBXBuildFile; fileRef = 47E049A62A8B644B000A789D /* CustomToggleButton.swift */; };
		47E049A92A8B83E4000A789D /* TermView.swift in Sources */ = {isa = PBXBuildFile; fileRef = 47E049A82A8B83E4000A789D /* TermView.swift */; };
		47E049B32A8F7BBA000A789D /* ReportMapViewController.swift in Sources */ = {isa = PBXBuildFile; fileRef = 47E049B22A8F7BBA000A789D /* ReportMapViewController.swift */; };
		47E049B62A8FB3CE000A789D /* ReportLocationSettingView.swift in Sources */ = {isa = PBXBuildFile; fileRef = 47E049B52A8FB3CE000A789D /* ReportLocationSettingView.swift */; };
		47E365222AA5D4000047C9E4 /* DistanceFormatter.swift in Sources */ = {isa = PBXBuildFile; fileRef = 47E365212AA5D4000047C9E4 /* DistanceFormatter.swift */; };
		47E365252AA899A90047C9E4 /* WebViewController.swift in Sources */ = {isa = PBXBuildFile; fileRef = 47E365242AA899A90047C9E4 /* WebViewController.swift */; };
		47E365282AA8CFAA0047C9E4 /* VoiceNetworkManager.swift in Sources */ = {isa = PBXBuildFile; fileRef = 47E365272AA8CFAA0047C9E4 /* VoiceNetworkManager.swift */; };
		47E3652A2AA8CFB80047C9E4 /* VoiceRouter.swift in Sources */ = {isa = PBXBuildFile; fileRef = 47E365292AA8CFB80047C9E4 /* VoiceRouter.swift */; };
		47FD24A32A80CB3400529342 /* HomeComplaintView.swift in Sources */ = {isa = PBXBuildFile; fileRef = 47FD24A22A80CB3400529342 /* HomeComplaintView.swift */; };
		47FD24AE2A84FB0A00529342 /* DetailViewController.swift in Sources */ = {isa = PBXBuildFile; fileRef = 47FD24AD2A84FB0A00529342 /* DetailViewController.swift */; };
		47FD24B22A850ACB00529342 /* ImageCollectionViewCell.swift in Sources */ = {isa = PBXBuildFile; fileRef = 47FD24B12A850ACB00529342 /* ImageCollectionViewCell.swift */; };
		47FD24B42A8518C200529342 /* DetailComplaintView.swift in Sources */ = {isa = PBXBuildFile; fileRef = 47FD24B32A8518C200529342 /* DetailComplaintView.swift */; };
		47FD24BA2A85F92400529342 /* DeleteAlertController.swift in Sources */ = {isa = PBXBuildFile; fileRef = 47FD24B92A85F92400529342 /* DeleteAlertController.swift */; };
		47FD24BC2A86189900529342 /* DeleteRequestButton.swift in Sources */ = {isa = PBXBuildFile; fileRef = 47FD24BB2A86189900529342 /* DeleteRequestButton.swift */; };
		47FD24BE2A862D8500529342 /* UIColor.swift in Sources */ = {isa = PBXBuildFile; fileRef = 47FD24BD2A862D8500529342 /* UIColor.swift */; };
		47FD24C02A86369100529342 /* ReportFloatingPanelLayout.swift in Sources */ = {isa = PBXBuildFile; fileRef = 47FD24BF2A86369100529342 /* ReportFloatingPanelLayout.swift */; };
		47FD24C22A8637A400529342 /* FinishedFloatingController.swift in Sources */ = {isa = PBXBuildFile; fileRef = 47FD24C12A8637A400529342 /* FinishedFloatingController.swift */; };
		47FD24C42A864C6600529342 /* FloatPanelController.swift in Sources */ = {isa = PBXBuildFile; fileRef = 47FD24C32A864C6600529342 /* FloatPanelController.swift */; };
		47FD24C72A86921900529342 /* ProfileViewController.swift in Sources */ = {isa = PBXBuildFile; fileRef = 47FD24C62A86921900529342 /* ProfileViewController.swift */; };
		47FD24CD2A88A7DD00529342 /* ProfileCollectionViewController.swift in Sources */ = {isa = PBXBuildFile; fileRef = 47FD24CC2A88A7DD00529342 /* ProfileCollectionViewController.swift */; };
		47FE7A912A7C0BD500075B0C /* ComplaintModel.swift in Sources */ = {isa = PBXBuildFile; fileRef = 47FE7A902A7C0BD500075B0C /* ComplaintModel.swift */; };
		8BE7AC8407F016C2FC467A11 /* Pods_EyesMap_EyesMapUITests.framework in Frameworks */ = {isa = PBXBuildFile; fileRef = 5BB3D1DB9C0E13985806C2C9 /* Pods_EyesMap_EyesMapUITests.framework */; };
		C7CC97840DED558AD074A722 /* Pods_EyesMap.framework in Frameworks */ = {isa = PBXBuildFile; fileRef = 8CD704819C0FB6ACD2F5983F /* Pods_EyesMap.framework */; };
/* End PBXBuildFile section */

/* Begin PBXContainerItemProxy section */
		478CA0332A6E6012000FA196 /* PBXContainerItemProxy */ = {
			isa = PBXContainerItemProxy;
			containerPortal = 478CA0142A6E600F000FA196 /* Project object */;
			proxyType = 1;
			remoteGlobalIDString = 478CA01B2A6E600F000FA196;
			remoteInfo = EyesMap;
		};
		478CA03D2A6E6012000FA196 /* PBXContainerItemProxy */ = {
			isa = PBXContainerItemProxy;
			containerPortal = 478CA0142A6E600F000FA196 /* Project object */;
			proxyType = 1;
			remoteGlobalIDString = 478CA01B2A6E600F000FA196;
			remoteInfo = EyesMap;
		};
/* End PBXContainerItemProxy section */

/* Begin PBXFileReference section */
		2D341D8A83E804F7ED90F79C /* Pods-EyesMapTests.debug.xcconfig */ = {isa = PBXFileReference; includeInIndex = 1; lastKnownFileType = text.xcconfig; name = "Pods-EyesMapTests.debug.xcconfig"; path = "Target Support Files/Pods-EyesMapTests/Pods-EyesMapTests.debug.xcconfig"; sourceTree = "<group>"; };
		371221A02A97309400AEA499 /* LocationDataViewController.swift */ = {isa = PBXFileReference; lastKnownFileType = sourcecode.swift; path = LocationDataViewController.swift; sourceTree = "<group>"; };
		371221A62A97535100AEA499 /* MapView.swift */ = {isa = PBXFileReference; lastKnownFileType = sourcecode.swift; path = MapView.swift; sourceTree = "<group>"; };
		371221A82A975BDD00AEA499 /* RankingView.swift */ = {isa = PBXFileReference; lastKnownFileType = sourcecode.swift; path = RankingView.swift; sourceTree = "<group>"; };
		371221AD2A976E7B00AEA499 /* UIButton.swift */ = {isa = PBXFileReference; lastKnownFileType = sourcecode.swift; path = UIButton.swift; sourceTree = "<group>"; };
		371221AF2A977ABF00AEA499 /* TotalView.swift */ = {isa = PBXFileReference; lastKnownFileType = sourcecode.swift; path = TotalView.swift; sourceTree = "<group>"; };
		371221B12A979AC600AEA499 /* JachiDetailView.swift */ = {isa = PBXFileReference; lastKnownFileType = sourcecode.swift; path = JachiDetailView.swift; sourceTree = "<group>"; };
		371221B52A97D1B100AEA499 /* RankingTableViewCell.swift */ = {isa = PBXFileReference; lastKnownFileType = sourcecode.swift; path = RankingTableViewCell.swift; sourceTree = "<group>"; };
		3719E9B72AA4BF4F00B0E1B2 /* JachiReportRankingManger.swift */ = {isa = PBXFileReference; lastKnownFileType = sourcecode.swift; path = JachiReportRankingManger.swift; sourceTree = "<group>"; };
		3719E9B92AA4CBB000B0E1B2 /* JachiTableViewCell.swift */ = {isa = PBXFileReference; lastKnownFileType = sourcecode.swift; path = JachiTableViewCell.swift; sourceTree = "<group>"; };
		374AEABB2AA8B9F0007D266E /* HallofFameView.swift */ = {isa = PBXFileReference; lastKnownFileType = sourcecode.swift; path = HallofFameView.swift; sourceTree = "<group>"; };
		374AEABE2AA8BA3A007D266E /* HallTableViewCell.swift */ = {isa = PBXFileReference; lastKnownFileType = sourcecode.swift; path = HallTableViewCell.swift; sourceTree = "<group>"; };
		374AEAC12AA8BA82007D266E /* HallOfFameManager.swift */ = {isa = PBXFileReference; lastKnownFileType = sourcecode.swift; path = HallOfFameManager.swift; sourceTree = "<group>"; };
		374AEAC32AA8BA9C007D266E /* HallRouter.swift */ = {isa = PBXFileReference; lastKnownFileType = sourcecode.swift; path = HallRouter.swift; sourceTree = "<group>"; };
		374AEAC52AA8CFF9007D266E /* HallMyInfoManager.swift */ = {isa = PBXFileReference; lastKnownFileType = sourcecode.swift; path = HallMyInfoManager.swift; sourceTree = "<group>"; };
		375264A02AA0CDD800A68801 /* RankingRouter.swift */ = {isa = PBXFileReference; lastKnownFileType = sourcecode.swift; path = RankingRouter.swift; sourceTree = "<group>"; };
		37D3D0572A9E013C00EC0F09 /* LocationReportRankingManager.swift */ = {isa = PBXFileReference; lastKnownFileType = sourcecode.swift; path = LocationReportRankingManager.swift; sourceTree = "<group>"; };
		37ED1DCF2A93486700636B6A /* Secret.swift */ = {isa = PBXFileReference; lastKnownFileType = sourcecode.swift; path = Secret.swift; sourceTree = "<group>"; };
		37ED1DD12A93488A00636B6A /* TextField.swift */ = {isa = PBXFileReference; lastKnownFileType = sourcecode.swift; path = TextField.swift; sourceTree = "<group>"; };
		3AB3AC756AE5E04037318087 /* Pods-EyesMap.debug.xcconfig */ = {isa = PBXFileReference; includeInIndex = 1; lastKnownFileType = text.xcconfig; name = "Pods-EyesMap.debug.xcconfig"; path = "Target Support Files/Pods-EyesMap/Pods-EyesMap.debug.xcconfig"; sourceTree = "<group>"; };
		47198F9F2A94855B00349181 /* TokenManager.swift */ = {isa = PBXFileReference; lastKnownFileType = sourcecode.swift; path = TokenManager.swift; sourceTree = "<group>"; };
		47198FA12A94963900349181 /* ModifyProfileViewController.swift */ = {isa = PBXFileReference; lastKnownFileType = sourcecode.swift; path = ModifyProfileViewController.swift; sourceTree = "<group>"; };
		47198FA32A94987E00349181 /* ProfileSetImageView.swift */ = {isa = PBXFileReference; lastKnownFileType = sourcecode.swift; path = ProfileSetImageView.swift; sourceTree = "<group>"; };
		47198FA72A9C996600349181 /* HallOfFameViewController.swift */ = {isa = PBXFileReference; lastKnownFileType = sourcecode.swift; path = HallOfFameViewController.swift; sourceTree = "<group>"; };
		47198FA92A9C9AC000349181 /* UIView.swift */ = {isa = PBXFileReference; lastKnownFileType = sourcecode.swift; path = UIView.swift; sourceTree = "<group>"; };
		47198FAC2A9C9C8800349181 /* MyFameView.swift */ = {isa = PBXFileReference; lastKnownFileType = sourcecode.swift; path = MyFameView.swift; sourceTree = "<group>"; };
		47198FAF2A9DEFB400349181 /* ReportNetworkManager.swift */ = {isa = PBXFileReference; lastKnownFileType = sourcecode.swift; path = ReportNetworkManager.swift; sourceTree = "<group>"; };
		47198FB12A9DEFDF00349181 /* ReportRouter.swift */ = {isa = PBXFileReference; lastKnownFileType = sourcecode.swift; path = ReportRouter.swift; sourceTree = "<group>"; };
		47198FB42A9DF81900349181 /* ProfileNetworkManager.swift */ = {isa = PBXFileReference; lastKnownFileType = sourcecode.swift; path = ProfileNetworkManager.swift; sourceTree = "<group>"; };
		47198FB62A9DF83500349181 /* ProfileRouter.swift */ = {isa = PBXFileReference; lastKnownFileType = sourcecode.swift; path = ProfileRouter.swift; sourceTree = "<group>"; };
		47198FB82A9E297300349181 /* ProfileEmptyView.swift */ = {isa = PBXFileReference; lastKnownFileType = sourcecode.swift; path = ProfileEmptyView.swift; sourceTree = "<group>"; };
		4757469C2AA1860900A262B1 /* ImageConverter.swift */ = {isa = PBXFileReference; lastKnownFileType = sourcecode.swift; path = ImageConverter.swift; sourceTree = "<group>"; };
		475B742F2A90A5E200C8BB97 /* GeoCodingModel.swift */ = {isa = PBXFileReference; lastKnownFileType = sourcecode.swift; path = GeoCodingModel.swift; sourceTree = "<group>"; };
		475B74332A90ADB900C8BB97 /* GeoCodingNetworkManager.swift */ = {isa = PBXFileReference; lastKnownFileType = sourcecode.swift; path = GeoCodingNetworkManager.swift; sourceTree = "<group>"; };
		475B74352A90CA0900C8BB97 /* RestoreAlertController.swift */ = {isa = PBXFileReference; lastKnownFileType = sourcecode.swift; path = RestoreAlertController.swift; sourceTree = "<group>"; };
		475B743D2A93003C00C8BB97 /* ReportViewController.swift */ = {isa = PBXFileReference; lastKnownFileType = sourcecode.swift; path = ReportViewController.swift; sourceTree = "<group>"; };
		475B743F2A93006400C8BB97 /* ReportImageColletionViewCell.swift */ = {isa = PBXFileReference; lastKnownFileType = sourcecode.swift; path = ReportImageColletionViewCell.swift; sourceTree = "<group>"; };
		475B74432A93485500C8BB97 /* LoginViewController.swift */ = {isa = PBXFileReference; lastKnownFileType = sourcecode.swift; path = LoginViewController.swift; sourceTree = "<group>"; };
		475B74462A9359AC00C8BB97 /* AuthNetworkManager.swift */ = {isa = PBXFileReference; lastKnownFileType = sourcecode.swift; path = AuthNetworkManager.swift; sourceTree = "<group>"; };
		475B744B2A935E1D00C8BB97 /* HttpRouter.swift */ = {isa = PBXFileReference; lastKnownFileType = sourcecode.swift; path = HttpRouter.swift; sourceTree = "<group>"; };
		475B744D2A935E3C00C8BB97 /* AuthRouter.swift */ = {isa = PBXFileReference; lastKnownFileType = sourcecode.swift; path = AuthRouter.swift; sourceTree = "<group>"; };
		478CA01C2A6E600F000FA196 /* EyesMap.app */ = {isa = PBXFileReference; explicitFileType = wrapper.application; includeInIndex = 0; path = EyesMap.app; sourceTree = BUILT_PRODUCTS_DIR; };
		478CA01F2A6E600F000FA196 /* AppDelegate.swift */ = {isa = PBXFileReference; lastKnownFileType = sourcecode.swift; path = AppDelegate.swift; sourceTree = "<group>"; };
		478CA0212A6E600F000FA196 /* SceneDelegate.swift */ = {isa = PBXFileReference; lastKnownFileType = sourcecode.swift; path = SceneDelegate.swift; sourceTree = "<group>"; };
		478CA0232A6E600F000FA196 /* HomeViewController.swift */ = {isa = PBXFileReference; lastKnownFileType = sourcecode.swift; path = HomeViewController.swift; sourceTree = "<group>"; };
		478CA0282A6E6012000FA196 /* Assets.xcassets */ = {isa = PBXFileReference; lastKnownFileType = folder.assetcatalog; path = Assets.xcassets; sourceTree = "<group>"; };
		478CA02B2A6E6012000FA196 /* Base */ = {isa = PBXFileReference; lastKnownFileType = file.storyboard; name = Base; path = Base.lproj/LaunchScreen.storyboard; sourceTree = "<group>"; };
		478CA02D2A6E6012000FA196 /* Info.plist */ = {isa = PBXFileReference; lastKnownFileType = text.plist.xml; path = Info.plist; sourceTree = "<group>"; };
		478CA0322A6E6012000FA196 /* EyesMapTests.xctest */ = {isa = PBXFileReference; explicitFileType = wrapper.cfbundle; includeInIndex = 0; path = EyesMapTests.xctest; sourceTree = BUILT_PRODUCTS_DIR; };
		478CA0362A6E6012000FA196 /* EyesMapTests.swift */ = {isa = PBXFileReference; lastKnownFileType = sourcecode.swift; path = EyesMapTests.swift; sourceTree = "<group>"; };
		478CA03C2A6E6012000FA196 /* EyesMapUITests.xctest */ = {isa = PBXFileReference; explicitFileType = wrapper.cfbundle; includeInIndex = 0; path = EyesMapUITests.xctest; sourceTree = BUILT_PRODUCTS_DIR; };
		478CA0402A6E6012000FA196 /* EyesMapUITests.swift */ = {isa = PBXFileReference; lastKnownFileType = sourcecode.swift; path = EyesMapUITests.swift; sourceTree = "<group>"; };
		478CA0422A6E6012000FA196 /* EyesMapUITestsLaunchTests.swift */ = {isa = PBXFileReference; lastKnownFileType = sourcecode.swift; path = EyesMapUITestsLaunchTests.swift; sourceTree = "<group>"; };
		478CA0592A6EB21F000FA196 /* LocationHandler.swift */ = {isa = PBXFileReference; lastKnownFileType = sourcecode.swift; path = LocationHandler.swift; sourceTree = "<group>"; };
		47CB4A832A7941DE00E001D2 /* Double.swift */ = {isa = PBXFileReference; lastKnownFileType = sourcecode.swift; path = Double.swift; sourceTree = "<group>"; };
		47E0499C2A8A2D10000A789D /* SettingViewController.swift */ = {isa = PBXFileReference; lastKnownFileType = sourcecode.swift; path = SettingViewController.swift; sourceTree = "<group>"; };
		47E0499F2A8A31D2000A789D /* TapBarController.swift */ = {isa = PBXFileReference; lastKnownFileType = sourcecode.swift; path = TapBarController.swift; sourceTree = "<group>"; };
		47E049A62A8B644B000A789D /* CustomToggleButton.swift */ = {isa = PBXFileReference; lastKnownFileType = sourcecode.swift; path = CustomToggleButton.swift; sourceTree = "<group>"; };
		47E049A82A8B83E4000A789D /* TermView.swift */ = {isa = PBXFileReference; lastKnownFileType = sourcecode.swift; path = TermView.swift; sourceTree = "<group>"; };
		47E049B22A8F7BBA000A789D /* ReportMapViewController.swift */ = {isa = PBXFileReference; lastKnownFileType = sourcecode.swift; path = ReportMapViewController.swift; sourceTree = "<group>"; };
		47E049B52A8FB3CE000A789D /* ReportLocationSettingView.swift */ = {isa = PBXFileReference; lastKnownFileType = sourcecode.swift; path = ReportLocationSettingView.swift; sourceTree = "<group>"; };
		47E365212AA5D4000047C9E4 /* DistanceFormatter.swift */ = {isa = PBXFileReference; lastKnownFileType = sourcecode.swift; path = DistanceFormatter.swift; sourceTree = "<group>"; };
		47E365242AA899A90047C9E4 /* WebViewController.swift */ = {isa = PBXFileReference; lastKnownFileType = sourcecode.swift; path = WebViewController.swift; sourceTree = "<group>"; };
		47E365272AA8CFAA0047C9E4 /* VoiceNetworkManager.swift */ = {isa = PBXFileReference; lastKnownFileType = sourcecode.swift; path = VoiceNetworkManager.swift; sourceTree = "<group>"; };
		47E365292AA8CFB80047C9E4 /* VoiceRouter.swift */ = {isa = PBXFileReference; lastKnownFileType = sourcecode.swift; path = VoiceRouter.swift; sourceTree = "<group>"; };
		47FD24A22A80CB3400529342 /* HomeComplaintView.swift */ = {isa = PBXFileReference; lastKnownFileType = sourcecode.swift; path = HomeComplaintView.swift; sourceTree = "<group>"; };
		47FD24AD2A84FB0A00529342 /* DetailViewController.swift */ = {isa = PBXFileReference; lastKnownFileType = sourcecode.swift; path = DetailViewController.swift; sourceTree = "<group>"; };
		47FD24B12A850ACB00529342 /* ImageCollectionViewCell.swift */ = {isa = PBXFileReference; lastKnownFileType = sourcecode.swift; path = ImageCollectionViewCell.swift; sourceTree = "<group>"; };
		47FD24B32A8518C200529342 /* DetailComplaintView.swift */ = {isa = PBXFileReference; lastKnownFileType = sourcecode.swift; path = DetailComplaintView.swift; sourceTree = "<group>"; };
		47FD24B92A85F92400529342 /* DeleteAlertController.swift */ = {isa = PBXFileReference; lastKnownFileType = sourcecode.swift; path = DeleteAlertController.swift; sourceTree = "<group>"; };
		47FD24BB2A86189900529342 /* DeleteRequestButton.swift */ = {isa = PBXFileReference; lastKnownFileType = sourcecode.swift; path = DeleteRequestButton.swift; sourceTree = "<group>"; };
		47FD24BD2A862D8500529342 /* UIColor.swift */ = {isa = PBXFileReference; lastKnownFileType = sourcecode.swift; path = UIColor.swift; sourceTree = "<group>"; };
		47FD24BF2A86369100529342 /* ReportFloatingPanelLayout.swift */ = {isa = PBXFileReference; lastKnownFileType = sourcecode.swift; path = ReportFloatingPanelLayout.swift; sourceTree = "<group>"; };
		47FD24C12A8637A400529342 /* FinishedFloatingController.swift */ = {isa = PBXFileReference; lastKnownFileType = sourcecode.swift; path = FinishedFloatingController.swift; sourceTree = "<group>"; };
		47FD24C32A864C6600529342 /* FloatPanelController.swift */ = {isa = PBXFileReference; lastKnownFileType = sourcecode.swift; path = FloatPanelController.swift; sourceTree = "<group>"; };
		47FD24C62A86921900529342 /* ProfileViewController.swift */ = {isa = PBXFileReference; lastKnownFileType = sourcecode.swift; path = ProfileViewController.swift; sourceTree = "<group>"; };
		47FD24CC2A88A7DD00529342 /* ProfileCollectionViewController.swift */ = {isa = PBXFileReference; lastKnownFileType = sourcecode.swift; path = ProfileCollectionViewController.swift; sourceTree = "<group>"; };
		47FE7A902A7C0BD500075B0C /* ComplaintModel.swift */ = {isa = PBXFileReference; lastKnownFileType = sourcecode.swift; path = ComplaintModel.swift; sourceTree = "<group>"; };
		5BB3D1DB9C0E13985806C2C9 /* Pods_EyesMap_EyesMapUITests.framework */ = {isa = PBXFileReference; explicitFileType = wrapper.framework; includeInIndex = 0; path = Pods_EyesMap_EyesMapUITests.framework; sourceTree = BUILT_PRODUCTS_DIR; };
		6995D490ED02FD6FEDC09ABF /* Pods-EyesMap-EyesMapUITests.debug.xcconfig */ = {isa = PBXFileReference; includeInIndex = 1; lastKnownFileType = text.xcconfig; name = "Pods-EyesMap-EyesMapUITests.debug.xcconfig"; path = "Target Support Files/Pods-EyesMap-EyesMapUITests/Pods-EyesMap-EyesMapUITests.debug.xcconfig"; sourceTree = "<group>"; };
		8CD704819C0FB6ACD2F5983F /* Pods_EyesMap.framework */ = {isa = PBXFileReference; explicitFileType = wrapper.framework; includeInIndex = 0; path = Pods_EyesMap.framework; sourceTree = BUILT_PRODUCTS_DIR; };
		8EF040E85EC6435926EC7488 /* Pods-EyesMap.release.xcconfig */ = {isa = PBXFileReference; includeInIndex = 1; lastKnownFileType = text.xcconfig; name = "Pods-EyesMap.release.xcconfig"; path = "Target Support Files/Pods-EyesMap/Pods-EyesMap.release.xcconfig"; sourceTree = "<group>"; };
		952C865199B62CCB80BD7609 /* Pods_EyesMapTests.framework */ = {isa = PBXFileReference; explicitFileType = wrapper.framework; includeInIndex = 0; path = Pods_EyesMapTests.framework; sourceTree = BUILT_PRODUCTS_DIR; };
		BAECDEF67BFE1587A0DF5159 /* Pods-EyesMapTests.release.xcconfig */ = {isa = PBXFileReference; includeInIndex = 1; lastKnownFileType = text.xcconfig; name = "Pods-EyesMapTests.release.xcconfig"; path = "Target Support Files/Pods-EyesMapTests/Pods-EyesMapTests.release.xcconfig"; sourceTree = "<group>"; };
		FF08826AD812A70609F1B4A4 /* Pods-EyesMap-EyesMapUITests.release.xcconfig */ = {isa = PBXFileReference; includeInIndex = 1; lastKnownFileType = text.xcconfig; name = "Pods-EyesMap-EyesMapUITests.release.xcconfig"; path = "Target Support Files/Pods-EyesMap-EyesMapUITests/Pods-EyesMap-EyesMapUITests.release.xcconfig"; sourceTree = "<group>"; };
/* End PBXFileReference section */

/* Begin PBXFrameworksBuildPhase section */
		478CA0192A6E600F000FA196 /* Frameworks */ = {
			isa = PBXFrameworksBuildPhase;
			buildActionMask = 2147483647;
			files = (
				C7CC97840DED558AD074A722 /* Pods_EyesMap.framework in Frameworks */,
			);
			runOnlyForDeploymentPostprocessing = 0;
		};
		478CA02F2A6E6012000FA196 /* Frameworks */ = {
			isa = PBXFrameworksBuildPhase;
			buildActionMask = 2147483647;
			files = (
				2D6E67C41D2CE8963671545F /* Pods_EyesMapTests.framework in Frameworks */,
			);
			runOnlyForDeploymentPostprocessing = 0;
		};
		478CA0392A6E6012000FA196 /* Frameworks */ = {
			isa = PBXFrameworksBuildPhase;
			buildActionMask = 2147483647;
			files = (
				8BE7AC8407F016C2FC467A11 /* Pods_EyesMap_EyesMapUITests.framework in Frameworks */,
			);
			runOnlyForDeploymentPostprocessing = 0;
		};
/* End PBXFrameworksBuildPhase section */

/* Begin PBXGroup section */
		3712219F2A97301600AEA499 /* LocationDataScene */ = {
			isa = PBXGroup;
			children = (
				371221A32A97350F00AEA499 /* View */,
				371221A22A97350100AEA499 /* ViiewController */,
			);
			path = LocationDataScene;
			sourceTree = "<group>";
		};
		371221A22A97350100AEA499 /* ViiewController */ = {
			isa = PBXGroup;
			children = (
				371221A02A97309400AEA499 /* LocationDataViewController.swift */,
			);
			path = ViiewController;
			sourceTree = "<group>";
		};
		371221A32A97350F00AEA499 /* View */ = {
			isa = PBXGroup;
			children = (
				371221B72A9826F900AEA499 /* TableViewCell */,
				371221A82A975BDD00AEA499 /* RankingView.swift */,
				371221A62A97535100AEA499 /* MapView.swift */,
				371221AF2A977ABF00AEA499 /* TotalView.swift */,
				371221B12A979AC600AEA499 /* JachiDetailView.swift */,
			);
			path = View;
			sourceTree = "<group>";
		};
		371221B72A9826F900AEA499 /* TableViewCell */ = {
			isa = PBXGroup;
			children = (
				371221B52A97D1B100AEA499 /* RankingTableViewCell.swift */,
				3719E9B92AA4CBB000B0E1B2 /* JachiTableViewCell.swift */,
			);
			path = TableViewCell;
			sourceTree = "<group>";
		};
		374AEABD2AA8BA21007D266E /* TableViewCell */ = {
			isa = PBXGroup;
			children = (
				374AEABE2AA8BA3A007D266E /* HallTableViewCell.swift */,
			);
			path = TableViewCell;
			sourceTree = "<group>";
		};
		374AEAC02AA8BA63007D266E /* HallOfFame */ = {
			isa = PBXGroup;
			children = (
				374AEAC12AA8BA82007D266E /* HallOfFameManager.swift */,
				374AEAC52AA8CFF9007D266E /* HallMyInfoManager.swift */,
			);
			path = HallOfFame;
			sourceTree = "<group>";
		};
		37D3D0592A9E06F300EC0F09 /* DataVisualization */ = {
			isa = PBXGroup;
			children = (
				37D3D0572A9E013C00EC0F09 /* LocationReportRankingManager.swift */,
				3719E9B72AA4BF4F00B0E1B2 /* JachiReportRankingManger.swift */,
			);
			path = DataVisualization;
			sourceTree = "<group>";
		};
		37ED1DCE2A93485800636B6A /* Secret */ = {
			isa = PBXGroup;
			children = (
				37ED1DCF2A93486700636B6A /* Secret.swift */,
			);
			path = Secret;
			sourceTree = "<group>";
		};
		47198FA52A9C993A00349181 /* HallOfFameScene */ = {
			isa = PBXGroup;
			children = (
				47198FAB2A9C9C1B00349181 /* View */,
				47198FA62A9C995600349181 /* ViewController */,
			);
			path = HallOfFameScene;
			sourceTree = "<group>";
		};
		47198FA62A9C995600349181 /* ViewController */ = {
			isa = PBXGroup;
			children = (
				47198FA72A9C996600349181 /* HallOfFameViewController.swift */,
			);
			path = ViewController;
			sourceTree = "<group>";
		};
		47198FAB2A9C9C1B00349181 /* View */ = {
			isa = PBXGroup;
			children = (
				374AEABD2AA8BA21007D266E /* TableViewCell */,
				47198FAC2A9C9C8800349181 /* MyFameView.swift */,
				374AEABB2AA8B9F0007D266E /* HallofFameView.swift */,
			);
			path = View;
			sourceTree = "<group>";
		};
		47198FAE2A9DEF5A00349181 /* Report */ = {
			isa = PBXGroup;
			children = (
				47198FAF2A9DEFB400349181 /* ReportNetworkManager.swift */,
			);
			path = Report;
			sourceTree = "<group>";
		};
		47198FB32A9DF7FE00349181 /* Profile */ = {
			isa = PBXGroup;
			children = (
				47198FB42A9DF81900349181 /* ProfileNetworkManager.swift */,
			);
			path = Profile;
			sourceTree = "<group>";
		};
		475B74312A90AD8200C8BB97 /* API */ = {
			isa = PBXGroup;
			children = (
				374AEAC02AA8BA63007D266E /* HallOfFame */,
				475B74322A90AD8900C8BB97 /* GeoCoding */,
				37D3D0592A9E06F300EC0F09 /* DataVisualization */,
				475B74482A935B8100C8BB97 /* HTTP */,
				475B74452A93598B00C8BB97 /* Auth */,
				47198FAE2A9DEF5A00349181 /* Report */,
				47198FB32A9DF7FE00349181 /* Profile */,
				47E365262AA8CF850047C9E4 /* Voice */,
			);
			path = API;
			sourceTree = "<group>";
		};
		475B74322A90AD8900C8BB97 /* GeoCoding */ = {
			isa = PBXGroup;
			children = (
				475B74332A90ADB900C8BB97 /* GeoCodingNetworkManager.swift */,
			);
			path = GeoCoding;
			sourceTree = "<group>";
		};
		475B743C2A92FFF600C8BB97 /* ReportScene */ = {
			isa = PBXGroup;
			children = (
				475B743D2A93003C00C8BB97 /* ReportViewController.swift */,
				475B743F2A93006400C8BB97 /* ReportImageColletionViewCell.swift */,
			);
			path = ReportScene;
			sourceTree = "<group>";
		};
		475B74412A93482500C8BB97 /* LoginScene */ = {
			isa = PBXGroup;
			children = (
				475B74422A93483500C8BB97 /* ViewController */,
			);
			path = LoginScene;
			sourceTree = "<group>";
		};
		475B74422A93483500C8BB97 /* ViewController */ = {
			isa = PBXGroup;
			children = (
				475B74432A93485500C8BB97 /* LoginViewController.swift */,
			);
			path = ViewController;
			sourceTree = "<group>";
		};
		475B74452A93598B00C8BB97 /* Auth */ = {
			isa = PBXGroup;
			children = (
				475B74462A9359AC00C8BB97 /* AuthNetworkManager.swift */,
			);
			path = Auth;
			sourceTree = "<group>";
		};
		475B74482A935B8100C8BB97 /* HTTP */ = {
			isa = PBXGroup;
			children = (
				475B744B2A935E1D00C8BB97 /* HttpRouter.swift */,
				475B744D2A935E3C00C8BB97 /* AuthRouter.swift */,
				47198FB12A9DEFDF00349181 /* ReportRouter.swift */,
				47198FB62A9DF83500349181 /* ProfileRouter.swift */,
				375264A02AA0CDD800A68801 /* RankingRouter.swift */,
				47E365292AA8CFB80047C9E4 /* VoiceRouter.swift */,
				374AEAC32AA8BA9C007D266E /* HallRouter.swift */,
			);
			path = HTTP;
			sourceTree = "<group>";
		};
		478CA0132A6E600F000FA196 = {
			isa = PBXGroup;
			children = (
				478CA01E2A6E600F000FA196 /* EyesMap */,
				478CA0352A6E6012000FA196 /* EyesMapTests */,
				478CA03F2A6E6012000FA196 /* EyesMapUITests */,
				478CA01D2A6E600F000FA196 /* Products */,
				72D69A467EAD3F7B54CA723D /* Pods */,
				878397E0929BDCCE63628BC9 /* Frameworks */,
			);
			sourceTree = "<group>";
		};
		478CA01D2A6E600F000FA196 /* Products */ = {
			isa = PBXGroup;
			children = (
				478CA01C2A6E600F000FA196 /* EyesMap.app */,
				478CA0322A6E6012000FA196 /* EyesMapTests.xctest */,
				478CA03C2A6E6012000FA196 /* EyesMapUITests.xctest */,
			);
			name = Products;
			sourceTree = "<group>";
		};
		478CA01E2A6E600F000FA196 /* EyesMap */ = {
			isa = PBXGroup;
			children = (
				37ED1DCE2A93485800636B6A /* Secret */,
				475B74312A90AD8200C8BB97 /* API */,
				478CA0572A6EB1C2000FA196 /* Sources */,
				478CA0562A6EB1AF000FA196 /* Utils */,
				478CA01F2A6E600F000FA196 /* AppDelegate.swift */,
				478CA0212A6E600F000FA196 /* SceneDelegate.swift */,
				478CA0282A6E6012000FA196 /* Assets.xcassets */,
				478CA02A2A6E6012000FA196 /* LaunchScreen.storyboard */,
				478CA02D2A6E6012000FA196 /* Info.plist */,
			);
			path = EyesMap;
			sourceTree = "<group>";
		};
		478CA0352A6E6012000FA196 /* EyesMapTests */ = {
			isa = PBXGroup;
			children = (
				478CA0362A6E6012000FA196 /* EyesMapTests.swift */,
			);
			path = EyesMapTests;
			sourceTree = "<group>";
		};
		478CA03F2A6E6012000FA196 /* EyesMapUITests */ = {
			isa = PBXGroup;
			children = (
				478CA0402A6E6012000FA196 /* EyesMapUITests.swift */,
				478CA0422A6E6012000FA196 /* EyesMapUITestsLaunchTests.swift */,
			);
			path = EyesMapUITests;
			sourceTree = "<group>";
		};
		478CA0562A6EB1AF000FA196 /* Utils */ = {
			isa = PBXGroup;
			children = (
				47CB4A822A7941CD00E001D2 /* Extension */,
				47E365212AA5D4000047C9E4 /* DistanceFormatter.swift */,
				478CA0592A6EB21F000FA196 /* LocationHandler.swift */,
				47198F9F2A94855B00349181 /* TokenManager.swift */,
				4757469C2AA1860900A262B1 /* ImageConverter.swift */,
			);
			path = Utils;
			sourceTree = "<group>";
		};
		478CA0572A6EB1C2000FA196 /* Sources */ = {
			isa = PBXGroup;
			children = (
				47E0499E2A8A31C1000A789D /* Base */,
				47FD24B82A85F91000529342 /* Common */,
				47FE7A8F2A7C0BB800075B0C /* Model */,
				475B74412A93482500C8BB97 /* LoginScene */,
				478CA0582A6EB1FD000FA196 /* HomeScene */,
				47E049B02A8F7BA3000A789D /* ReportMapScene */,
				475B743C2A92FFF600C8BB97 /* ReportScene */,
				3712219F2A97301600AEA499 /* LocationDataScene */,
				47198FA52A9C993A00349181 /* HallOfFameScene */,
				47FD24AC2A84FAF000529342 /* DetailScene */,
				47FD24C52A8691F600529342 /* ProfileScene */,
				47E0499A2A8A2CBA000A789D /* SettingScene */,
			);
			path = Sources;
			sourceTree = "<group>";
		};
		478CA0582A6EB1FD000FA196 /* HomeScene */ = {
			isa = PBXGroup;
			children = (
				47FD24A12A80CB0C00529342 /* View */,
				47FD24A02A80CAF700529342 /* ViewController */,
			);
			path = HomeScene;
			sourceTree = "<group>";
		};
		47CB4A822A7941CD00E001D2 /* Extension */ = {
			isa = PBXGroup;
			children = (
				47FD24BD2A862D8500529342 /* UIColor.swift */,
				47CB4A832A7941DE00E001D2 /* Double.swift */,
				47FD24BB2A86189900529342 /* DeleteRequestButton.swift */,
				47FD24C32A864C6600529342 /* FloatPanelController.swift */,
				37ED1DD12A93488A00636B6A /* TextField.swift */,
				371221AD2A976E7B00AEA499 /* UIButton.swift */,
				47198FA92A9C9AC000349181 /* UIView.swift */,
			);
			path = Extension;
			sourceTree = "<group>";
		};
		47E0499A2A8A2CBA000A789D /* SettingScene */ = {
			isa = PBXGroup;
			children = (
				47E049AA2A8B83E7000A789D /* View */,
				47E0499B2A8A2CC8000A789D /* ViewController */,
			);
			path = SettingScene;
			sourceTree = "<group>";
		};
		47E0499B2A8A2CC8000A789D /* ViewController */ = {
			isa = PBXGroup;
			children = (
				47E0499C2A8A2D10000A789D /* SettingViewController.swift */,
			);
			path = ViewController;
			sourceTree = "<group>";
		};
		47E0499E2A8A31C1000A789D /* Base */ = {
			isa = PBXGroup;
			children = (
				47E0499F2A8A31D2000A789D /* TapBarController.swift */,
			);
			path = Base;
			sourceTree = "<group>";
		};
		47E049AA2A8B83E7000A789D /* View */ = {
			isa = PBXGroup;
			children = (
				47E049A82A8B83E4000A789D /* TermView.swift */,
			);
			path = View;
			sourceTree = "<group>";
		};
		47E049B02A8F7BA3000A789D /* ReportMapScene */ = {
			isa = PBXGroup;
			children = (
				47E049B42A8FB3A9000A789D /* View */,
				47E049B12A8F7BAC000A789D /* ViewController */,
			);
			path = ReportMapScene;
			sourceTree = "<group>";
		};
		47E049B12A8F7BAC000A789D /* ViewController */ = {
			isa = PBXGroup;
			children = (
				47E049B22A8F7BBA000A789D /* ReportMapViewController.swift */,
			);
			path = ViewController;
			sourceTree = "<group>";
		};
		47E049B42A8FB3A9000A789D /* View */ = {
			isa = PBXGroup;
			children = (
				47E049B52A8FB3CE000A789D /* ReportLocationSettingView.swift */,
			);
			path = View;
			sourceTree = "<group>";
		};
		47E365262AA8CF850047C9E4 /* Voice */ = {
			isa = PBXGroup;
			children = (
				47E365272AA8CFAA0047C9E4 /* VoiceNetworkManager.swift */,
			);
			path = Voice;
			sourceTree = "<group>";
		};
		47FD24A02A80CAF700529342 /* ViewController */ = {
			isa = PBXGroup;
			children = (
				478CA0232A6E600F000FA196 /* HomeViewController.swift */,
			);
			path = ViewController;
			sourceTree = "<group>";
		};
		47FD24A12A80CB0C00529342 /* View */ = {
			isa = PBXGroup;
			children = (
				47FD24A22A80CB3400529342 /* HomeComplaintView.swift */,
			);
			path = View;
			sourceTree = "<group>";
		};
		47FD24AC2A84FAF000529342 /* DetailScene */ = {
			isa = PBXGroup;
			children = (
				47FD24AF2A850AA200529342 /* View */,
				47FD24B02A850AA700529342 /* ViewController  */,
			);
			path = DetailScene;
			sourceTree = "<group>";
		};
		47FD24AF2A850AA200529342 /* View */ = {
			isa = PBXGroup;
			children = (
				47FD24B12A850ACB00529342 /* ImageCollectionViewCell.swift */,
				47FD24B32A8518C200529342 /* DetailComplaintView.swift */,
			);
			path = View;
			sourceTree = "<group>";
		};
		47FD24B02A850AA700529342 /* ViewController  */ = {
			isa = PBXGroup;
			children = (
				47FD24AD2A84FB0A00529342 /* DetailViewController.swift */,
			);
			path = "ViewController ";
			sourceTree = "<group>";
		};
		47FD24B82A85F91000529342 /* Common */ = {
			isa = PBXGroup;
			children = (
				47FD24B92A85F92400529342 /* DeleteAlertController.swift */,
				475B74352A90CA0900C8BB97 /* RestoreAlertController.swift */,
				47FD24BF2A86369100529342 /* ReportFloatingPanelLayout.swift */,
				47FD24C12A8637A400529342 /* FinishedFloatingController.swift */,
				47E049A62A8B644B000A789D /* CustomToggleButton.swift */,
				47E365242AA899A90047C9E4 /* WebViewController.swift */,
			);
			path = Common;
			sourceTree = "<group>";
		};
		47FD24C52A8691F600529342 /* ProfileScene */ = {
			isa = PBXGroup;
			children = (
				47FD24C82A88A21500529342 /* View */,
				47FD24C92A88A21900529342 /* ViewController */,
			);
			path = ProfileScene;
			sourceTree = "<group>";
		};
		47FD24C82A88A21500529342 /* View */ = {
			isa = PBXGroup;
			children = (
				47198FA32A94987E00349181 /* ProfileSetImageView.swift */,
				47198FB82A9E297300349181 /* ProfileEmptyView.swift */,
			);
			path = View;
			sourceTree = "<group>";
		};
		47FD24C92A88A21900529342 /* ViewController */ = {
			isa = PBXGroup;
			children = (
				47FD24C62A86921900529342 /* ProfileViewController.swift */,
				47FD24CC2A88A7DD00529342 /* ProfileCollectionViewController.swift */,
				47198FA12A94963900349181 /* ModifyProfileViewController.swift */,
			);
			path = ViewController;
			sourceTree = "<group>";
		};
		47FE7A8F2A7C0BB800075B0C /* Model */ = {
			isa = PBXGroup;
			children = (
				47FE7A902A7C0BD500075B0C /* ComplaintModel.swift */,
				475B742F2A90A5E200C8BB97 /* GeoCodingModel.swift */,
			);
			path = Model;
			sourceTree = "<group>";
		};
		72D69A467EAD3F7B54CA723D /* Pods */ = {
			isa = PBXGroup;
			children = (
				3AB3AC756AE5E04037318087 /* Pods-EyesMap.debug.xcconfig */,
				8EF040E85EC6435926EC7488 /* Pods-EyesMap.release.xcconfig */,
				6995D490ED02FD6FEDC09ABF /* Pods-EyesMap-EyesMapUITests.debug.xcconfig */,
				FF08826AD812A70609F1B4A4 /* Pods-EyesMap-EyesMapUITests.release.xcconfig */,
				2D341D8A83E804F7ED90F79C /* Pods-EyesMapTests.debug.xcconfig */,
				BAECDEF67BFE1587A0DF5159 /* Pods-EyesMapTests.release.xcconfig */,
			);
			path = Pods;
			sourceTree = "<group>";
		};
		878397E0929BDCCE63628BC9 /* Frameworks */ = {
			isa = PBXGroup;
			children = (
				8CD704819C0FB6ACD2F5983F /* Pods_EyesMap.framework */,
				5BB3D1DB9C0E13985806C2C9 /* Pods_EyesMap_EyesMapUITests.framework */,
				952C865199B62CCB80BD7609 /* Pods_EyesMapTests.framework */,
			);
			name = Frameworks;
			sourceTree = "<group>";
		};
/* End PBXGroup section */

/* Begin PBXNativeTarget section */
		478CA01B2A6E600F000FA196 /* EyesMap */ = {
			isa = PBXNativeTarget;
			buildConfigurationList = 478CA0462A6E6012000FA196 /* Build configuration list for PBXNativeTarget "EyesMap" */;
			buildPhases = (
				01D9183430FE113CEAFB8C10 /* [CP] Check Pods Manifest.lock */,
				478CA0182A6E600F000FA196 /* Sources */,
				478CA0192A6E600F000FA196 /* Frameworks */,
				478CA01A2A6E600F000FA196 /* Resources */,
				9925923A6835376010AD149F /* [CP] Embed Pods Frameworks */,
			);
			buildRules = (
			);
			dependencies = (
			);
			name = EyesMap;
			productName = EyesMap;
			productReference = 478CA01C2A6E600F000FA196 /* EyesMap.app */;
			productType = "com.apple.product-type.application";
		};
		478CA0312A6E6012000FA196 /* EyesMapTests */ = {
			isa = PBXNativeTarget;
			buildConfigurationList = 478CA0492A6E6012000FA196 /* Build configuration list for PBXNativeTarget "EyesMapTests" */;
			buildPhases = (
				E9BA815295F570F492B42471 /* [CP] Check Pods Manifest.lock */,
				478CA02E2A6E6012000FA196 /* Sources */,
				478CA02F2A6E6012000FA196 /* Frameworks */,
				478CA0302A6E6012000FA196 /* Resources */,
			);
			buildRules = (
			);
			dependencies = (
				478CA0342A6E6012000FA196 /* PBXTargetDependency */,
			);
			name = EyesMapTests;
			productName = EyesMapTests;
			productReference = 478CA0322A6E6012000FA196 /* EyesMapTests.xctest */;
			productType = "com.apple.product-type.bundle.unit-test";
		};
		478CA03B2A6E6012000FA196 /* EyesMapUITests */ = {
			isa = PBXNativeTarget;
			buildConfigurationList = 478CA04C2A6E6012000FA196 /* Build configuration list for PBXNativeTarget "EyesMapUITests" */;
			buildPhases = (
				94CB848CDCD4D063CB755827 /* [CP] Check Pods Manifest.lock */,
				478CA0382A6E6012000FA196 /* Sources */,
				478CA0392A6E6012000FA196 /* Frameworks */,
				478CA03A2A6E6012000FA196 /* Resources */,
				AF0E0A5C3B13C24BB02409D8 /* [CP] Embed Pods Frameworks */,
			);
			buildRules = (
			);
			dependencies = (
				478CA03E2A6E6012000FA196 /* PBXTargetDependency */,
			);
			name = EyesMapUITests;
			productName = EyesMapUITests;
			productReference = 478CA03C2A6E6012000FA196 /* EyesMapUITests.xctest */;
			productType = "com.apple.product-type.bundle.ui-testing";
		};
/* End PBXNativeTarget section */

/* Begin PBXProject section */
		478CA0142A6E600F000FA196 /* Project object */ = {
			isa = PBXProject;
			attributes = {
				BuildIndependentTargetsInParallel = 1;
				LastSwiftUpdateCheck = 1430;
				LastUpgradeCheck = 1430;
				TargetAttributes = {
					478CA01B2A6E600F000FA196 = {
						CreatedOnToolsVersion = 14.3.1;
					};
					478CA0312A6E6012000FA196 = {
						CreatedOnToolsVersion = 14.3.1;
						TestTargetID = 478CA01B2A6E600F000FA196;
					};
					478CA03B2A6E6012000FA196 = {
						CreatedOnToolsVersion = 14.3.1;
						TestTargetID = 478CA01B2A6E600F000FA196;
					};
				};
			};
			buildConfigurationList = 478CA0172A6E600F000FA196 /* Build configuration list for PBXProject "EyesMap" */;
			compatibilityVersion = "Xcode 14.0";
			developmentRegion = en;
			hasScannedForEncodings = 0;
			knownRegions = (
				en,
				Base,
			);
			mainGroup = 478CA0132A6E600F000FA196;
			productRefGroup = 478CA01D2A6E600F000FA196 /* Products */;
			projectDirPath = "";
			projectRoot = "";
			targets = (
				478CA01B2A6E600F000FA196 /* EyesMap */,
				478CA0312A6E6012000FA196 /* EyesMapTests */,
				478CA03B2A6E6012000FA196 /* EyesMapUITests */,
			);
		};
/* End PBXProject section */

/* Begin PBXResourcesBuildPhase section */
		478CA01A2A6E600F000FA196 /* Resources */ = {
			isa = PBXResourcesBuildPhase;
			buildActionMask = 2147483647;
			files = (
				478CA02C2A6E6012000FA196 /* LaunchScreen.storyboard in Resources */,
				478CA0292A6E6012000FA196 /* Assets.xcassets in Resources */,
			);
			runOnlyForDeploymentPostprocessing = 0;
		};
		478CA0302A6E6012000FA196 /* Resources */ = {
			isa = PBXResourcesBuildPhase;
			buildActionMask = 2147483647;
			files = (
			);
			runOnlyForDeploymentPostprocessing = 0;
		};
		478CA03A2A6E6012000FA196 /* Resources */ = {
			isa = PBXResourcesBuildPhase;
			buildActionMask = 2147483647;
			files = (
			);
			runOnlyForDeploymentPostprocessing = 0;
		};
/* End PBXResourcesBuildPhase section */

/* Begin PBXShellScriptBuildPhase section */
		01D9183430FE113CEAFB8C10 /* [CP] Check Pods Manifest.lock */ = {
			isa = PBXShellScriptBuildPhase;
			buildActionMask = 2147483647;
			files = (
			);
			inputFileListPaths = (
			);
			inputPaths = (
				"${PODS_PODFILE_DIR_PATH}/Podfile.lock",
				"${PODS_ROOT}/Manifest.lock",
			);
			name = "[CP] Check Pods Manifest.lock";
			outputFileListPaths = (
			);
			outputPaths = (
				"$(DERIVED_FILE_DIR)/Pods-EyesMap-checkManifestLockResult.txt",
			);
			runOnlyForDeploymentPostprocessing = 0;
			shellPath = /bin/sh;
			shellScript = "diff \"${PODS_PODFILE_DIR_PATH}/Podfile.lock\" \"${PODS_ROOT}/Manifest.lock\" > /dev/null\nif [ $? != 0 ] ; then\n    # print error to STDERR\n    echo \"error: The sandbox is not in sync with the Podfile.lock. Run 'pod install' or update your CocoaPods installation.\" >&2\n    exit 1\nfi\n# This output is used by Xcode 'outputs' to avoid re-running this script phase.\necho \"SUCCESS\" > \"${SCRIPT_OUTPUT_FILE_0}\"\n";
			showEnvVarsInLog = 0;
		};
		94CB848CDCD4D063CB755827 /* [CP] Check Pods Manifest.lock */ = {
			isa = PBXShellScriptBuildPhase;
			buildActionMask = 2147483647;
			files = (
			);
			inputFileListPaths = (
			);
			inputPaths = (
				"${PODS_PODFILE_DIR_PATH}/Podfile.lock",
				"${PODS_ROOT}/Manifest.lock",
			);
			name = "[CP] Check Pods Manifest.lock";
			outputFileListPaths = (
			);
			outputPaths = (
				"$(DERIVED_FILE_DIR)/Pods-EyesMap-EyesMapUITests-checkManifestLockResult.txt",
			);
			runOnlyForDeploymentPostprocessing = 0;
			shellPath = /bin/sh;
			shellScript = "diff \"${PODS_PODFILE_DIR_PATH}/Podfile.lock\" \"${PODS_ROOT}/Manifest.lock\" > /dev/null\nif [ $? != 0 ] ; then\n    # print error to STDERR\n    echo \"error: The sandbox is not in sync with the Podfile.lock. Run 'pod install' or update your CocoaPods installation.\" >&2\n    exit 1\nfi\n# This output is used by Xcode 'outputs' to avoid re-running this script phase.\necho \"SUCCESS\" > \"${SCRIPT_OUTPUT_FILE_0}\"\n";
			showEnvVarsInLog = 0;
		};
		9925923A6835376010AD149F /* [CP] Embed Pods Frameworks */ = {
			isa = PBXShellScriptBuildPhase;
			buildActionMask = 2147483647;
			files = (
			);
			inputFileListPaths = (
				"${PODS_ROOT}/Target Support Files/Pods-EyesMap/Pods-EyesMap-frameworks-${CONFIGURATION}-input-files.xcfilelist",
			);
			name = "[CP] Embed Pods Frameworks";
			outputFileListPaths = (
				"${PODS_ROOT}/Target Support Files/Pods-EyesMap/Pods-EyesMap-frameworks-${CONFIGURATION}-output-files.xcfilelist",
			);
			runOnlyForDeploymentPostprocessing = 0;
			shellPath = /bin/sh;
			shellScript = "\"${PODS_ROOT}/Target Support Files/Pods-EyesMap/Pods-EyesMap-frameworks.sh\"\n";
			showEnvVarsInLog = 0;
		};
		AF0E0A5C3B13C24BB02409D8 /* [CP] Embed Pods Frameworks */ = {
			isa = PBXShellScriptBuildPhase;
			buildActionMask = 2147483647;
			files = (
			);
			inputFileListPaths = (
				"${PODS_ROOT}/Target Support Files/Pods-EyesMap-EyesMapUITests/Pods-EyesMap-EyesMapUITests-frameworks-${CONFIGURATION}-input-files.xcfilelist",
			);
			name = "[CP] Embed Pods Frameworks";
			outputFileListPaths = (
				"${PODS_ROOT}/Target Support Files/Pods-EyesMap-EyesMapUITests/Pods-EyesMap-EyesMapUITests-frameworks-${CONFIGURATION}-output-files.xcfilelist",
			);
			runOnlyForDeploymentPostprocessing = 0;
			shellPath = /bin/sh;
			shellScript = "\"${PODS_ROOT}/Target Support Files/Pods-EyesMap-EyesMapUITests/Pods-EyesMap-EyesMapUITests-frameworks.sh\"\n";
			showEnvVarsInLog = 0;
		};
		E9BA815295F570F492B42471 /* [CP] Check Pods Manifest.lock */ = {
			isa = PBXShellScriptBuildPhase;
			buildActionMask = 2147483647;
			files = (
			);
			inputFileListPaths = (
			);
			inputPaths = (
				"${PODS_PODFILE_DIR_PATH}/Podfile.lock",
				"${PODS_ROOT}/Manifest.lock",
			);
			name = "[CP] Check Pods Manifest.lock";
			outputFileListPaths = (
			);
			outputPaths = (
				"$(DERIVED_FILE_DIR)/Pods-EyesMapTests-checkManifestLockResult.txt",
			);
			runOnlyForDeploymentPostprocessing = 0;
			shellPath = /bin/sh;
			shellScript = "diff \"${PODS_PODFILE_DIR_PATH}/Podfile.lock\" \"${PODS_ROOT}/Manifest.lock\" > /dev/null\nif [ $? != 0 ] ; then\n    # print error to STDERR\n    echo \"error: The sandbox is not in sync with the Podfile.lock. Run 'pod install' or update your CocoaPods installation.\" >&2\n    exit 1\nfi\n# This output is used by Xcode 'outputs' to avoid re-running this script phase.\necho \"SUCCESS\" > \"${SCRIPT_OUTPUT_FILE_0}\"\n";
			showEnvVarsInLog = 0;
		};
/* End PBXShellScriptBuildPhase section */

/* Begin PBXSourcesBuildPhase section */
		478CA0182A6E600F000FA196 /* Sources */ = {
			isa = PBXSourcesBuildPhase;
			buildActionMask = 2147483647;
			files = (
				47E049A92A8B83E4000A789D /* TermView.swift in Sources */,
				37ED1DD02A93486700636B6A /* Secret.swift in Sources */,
				374AEABF2AA8BA3A007D266E /* HallTableViewCell.swift in Sources */,
				47E049B32A8F7BBA000A789D /* ReportMapViewController.swift in Sources */,
				47FD24CD2A88A7DD00529342 /* ProfileCollectionViewController.swift in Sources */,
				475B74342A90ADB900C8BB97 /* GeoCodingNetworkManager.swift in Sources */,
				47E049A02A8A31D2000A789D /* TapBarController.swift in Sources */,
				47FD24AE2A84FB0A00529342 /* DetailViewController.swift in Sources */,
				47E365282AA8CFAA0047C9E4 /* VoiceNetworkManager.swift in Sources */,
				3719E9BA2AA4CBB000B0E1B2 /* JachiTableViewCell.swift in Sources */,
				475B744E2A935E3C00C8BB97 /* AuthRouter.swift in Sources */,
				47FD24BE2A862D8500529342 /* UIColor.swift in Sources */,
				47FD24C02A86369100529342 /* ReportFloatingPanelLayout.swift in Sources */,
				4757469D2AA1860900A262B1 /* ImageConverter.swift in Sources */,
				475B74302A90A5E200C8BB97 /* GeoCodingModel.swift in Sources */,
				47FD24C22A8637A400529342 /* FinishedFloatingController.swift in Sources */,
				47FD24C42A864C6600529342 /* FloatPanelController.swift in Sources */,
				478CA0242A6E600F000FA196 /* HomeViewController.swift in Sources */,
				47198FA82A9C996600349181 /* HallOfFameViewController.swift in Sources */,
				47198FAA2A9C9AC000349181 /* UIView.swift in Sources */,
				475B74402A93006400C8BB97 /* ReportImageColletionViewCell.swift in Sources */,
				371221A72A97535100AEA499 /* MapView.swift in Sources */,
				47198FAD2A9C9C8800349181 /* MyFameView.swift in Sources */,
				475B74442A93485600C8BB97 /* LoginViewController.swift in Sources */,
				47FD24C72A86921900529342 /* ProfileViewController.swift in Sources */,
				371221A12A97309400AEA499 /* LocationDataViewController.swift in Sources */,
				374AEAC22AA8BA82007D266E /* HallOfFameManager.swift in Sources */,
				371221A92A975BDD00AEA499 /* RankingView.swift in Sources */,
				47E365222AA5D4000047C9E4 /* DistanceFormatter.swift in Sources */,
				47198FA42A94987E00349181 /* ProfileSetImageView.swift in Sources */,
				475B743E2A93003C00C8BB97 /* ReportViewController.swift in Sources */,
				478CA0202A6E600F000FA196 /* AppDelegate.swift in Sources */,
				475B74472A9359AC00C8BB97 /* AuthNetworkManager.swift in Sources */,
				47FD24BC2A86189900529342 /* DeleteRequestButton.swift in Sources */,
				371221B02A977ABF00AEA499 /* TotalView.swift in Sources */,
				47198FB02A9DEFB400349181 /* ReportNetworkManager.swift in Sources */,
				47198FB72A9DF83500349181 /* ProfileRouter.swift in Sources */,
				478CA0222A6E600F000FA196 /* SceneDelegate.swift in Sources */,
				374AEAC42AA8BA9C007D266E /* HallRouter.swift in Sources */,
				47FD24BA2A85F92400529342 /* DeleteAlertController.swift in Sources */,
				47198FA22A94963900349181 /* ModifyProfileViewController.swift in Sources */,
				47FD24B42A8518C200529342 /* DetailComplaintView.swift in Sources */,
				37ED1DD22A93488A00636B6A /* TextField.swift in Sources */,
				37D3D0582A9E013C00EC0F09 /* LocationReportRankingManager.swift in Sources */,
				47FE7A912A7C0BD500075B0C /* ComplaintModel.swift in Sources */,
				47E049B62A8FB3CE000A789D /* ReportLocationSettingView.swift in Sources */,
				47E049A72A8B644B000A789D /* CustomToggleButton.swift in Sources */,
				374AEABC2AA8B9F0007D266E /* HallofFameView.swift in Sources */,
				47E365252AA899A90047C9E4 /* WebViewController.swift in Sources */,
				375264A12AA0CDD800A68801 /* RankingRouter.swift in Sources */,
				47198FA02A94855B00349181 /* TokenManager.swift in Sources */,
				475B744C2A935E1D00C8BB97 /* HttpRouter.swift in Sources */,
				47E0499D2A8A2D10000A789D /* SettingViewController.swift in Sources */,
				3719E9B82AA4BF4F00B0E1B2 /* JachiReportRankingManger.swift in Sources */,
				371221AE2A976E7B00AEA499 /* UIButton.swift in Sources */,
				47FD24B22A850ACB00529342 /* ImageCollectionViewCell.swift in Sources */,
				47198FB22A9DEFDF00349181 /* ReportRouter.swift in Sources */,
				47CB4A842A7941DE00E001D2 /* Double.swift in Sources */,
				47FD24A32A80CB3400529342 /* HomeComplaintView.swift in Sources */,
				47198FB92A9E297300349181 /* ProfileEmptyView.swift in Sources */,
				478CA05A2A6EB21F000FA196 /* LocationHandler.swift in Sources */,
				47198FB52A9DF81900349181 /* ProfileNetworkManager.swift in Sources */,
				475B74362A90CA0900C8BB97 /* RestoreAlertController.swift in Sources */,
				371221B62A97D1B100AEA499 /* RankingTableViewCell.swift in Sources */,
				374AEAC62AA8CFF9007D266E /* HallMyInfoManager.swift in Sources */,
				371221B22A979AC600AEA499 /* JachiDetailView.swift in Sources */,
				47E3652A2AA8CFB80047C9E4 /* VoiceRouter.swift in Sources */,
			);
			runOnlyForDeploymentPostprocessing = 0;
		};
		478CA02E2A6E6012000FA196 /* Sources */ = {
			isa = PBXSourcesBuildPhase;
			buildActionMask = 2147483647;
			files = (
				478CA0372A6E6012000FA196 /* EyesMapTests.swift in Sources */,
			);
			runOnlyForDeploymentPostprocessing = 0;
		};
		478CA0382A6E6012000FA196 /* Sources */ = {
			isa = PBXSourcesBuildPhase;
			buildActionMask = 2147483647;
			files = (
				478CA0412A6E6012000FA196 /* EyesMapUITests.swift in Sources */,
				478CA0432A6E6012000FA196 /* EyesMapUITestsLaunchTests.swift in Sources */,
			);
			runOnlyForDeploymentPostprocessing = 0;
		};
/* End PBXSourcesBuildPhase section */

/* Begin PBXTargetDependency section */
		478CA0342A6E6012000FA196 /* PBXTargetDependency */ = {
			isa = PBXTargetDependency;
			target = 478CA01B2A6E600F000FA196 /* EyesMap */;
			targetProxy = 478CA0332A6E6012000FA196 /* PBXContainerItemProxy */;
		};
		478CA03E2A6E6012000FA196 /* PBXTargetDependency */ = {
			isa = PBXTargetDependency;
			target = 478CA01B2A6E600F000FA196 /* EyesMap */;
			targetProxy = 478CA03D2A6E6012000FA196 /* PBXContainerItemProxy */;
		};
/* End PBXTargetDependency section */

/* Begin PBXVariantGroup section */
		478CA02A2A6E6012000FA196 /* LaunchScreen.storyboard */ = {
			isa = PBXVariantGroup;
			children = (
				478CA02B2A6E6012000FA196 /* Base */,
			);
			name = LaunchScreen.storyboard;
			sourceTree = "<group>";
		};
/* End PBXVariantGroup section */

/* Begin XCBuildConfiguration section */
		478CA0442A6E6012000FA196 /* Debug */ = {
			isa = XCBuildConfiguration;
			buildSettings = {
				ALWAYS_SEARCH_USER_PATHS = NO;
				CLANG_ANALYZER_NONNULL = YES;
				CLANG_ANALYZER_NUMBER_OBJECT_CONVERSION = YES_AGGRESSIVE;
				CLANG_CXX_LANGUAGE_STANDARD = "gnu++20";
				CLANG_ENABLE_MODULES = YES;
				CLANG_ENABLE_OBJC_ARC = YES;
				CLANG_ENABLE_OBJC_WEAK = YES;
				CLANG_WARN_BLOCK_CAPTURE_AUTORELEASING = YES;
				CLANG_WARN_BOOL_CONVERSION = YES;
				CLANG_WARN_COMMA = YES;
				CLANG_WARN_CONSTANT_CONVERSION = YES;
				CLANG_WARN_DEPRECATED_OBJC_IMPLEMENTATIONS = YES;
				CLANG_WARN_DIRECT_OBJC_ISA_USAGE = YES_ERROR;
				CLANG_WARN_DOCUMENTATION_COMMENTS = YES;
				CLANG_WARN_EMPTY_BODY = YES;
				CLANG_WARN_ENUM_CONVERSION = YES;
				CLANG_WARN_INFINITE_RECURSION = YES;
				CLANG_WARN_INT_CONVERSION = YES;
				CLANG_WARN_NON_LITERAL_NULL_CONVERSION = YES;
				CLANG_WARN_OBJC_IMPLICIT_RETAIN_SELF = YES;
				CLANG_WARN_OBJC_LITERAL_CONVERSION = YES;
				CLANG_WARN_OBJC_ROOT_CLASS = YES_ERROR;
				CLANG_WARN_QUOTED_INCLUDE_IN_FRAMEWORK_HEADER = YES;
				CLANG_WARN_RANGE_LOOP_ANALYSIS = YES;
				CLANG_WARN_STRICT_PROTOTYPES = YES;
				CLANG_WARN_SUSPICIOUS_MOVE = YES;
				CLANG_WARN_UNGUARDED_AVAILABILITY = YES_AGGRESSIVE;
				CLANG_WARN_UNREACHABLE_CODE = YES;
				CLANG_WARN__DUPLICATE_METHOD_MATCH = YES;
				COPY_PHASE_STRIP = NO;
				DEBUG_INFORMATION_FORMAT = dwarf;
				ENABLE_STRICT_OBJC_MSGSEND = YES;
				ENABLE_TESTABILITY = YES;
				GCC_C_LANGUAGE_STANDARD = gnu11;
				GCC_DYNAMIC_NO_PIC = NO;
				GCC_NO_COMMON_BLOCKS = YES;
				GCC_OPTIMIZATION_LEVEL = 0;
				GCC_PREPROCESSOR_DEFINITIONS = (
					"DEBUG=1",
					"$(inherited)",
				);
				GCC_WARN_64_TO_32_BIT_CONVERSION = YES;
				GCC_WARN_ABOUT_RETURN_TYPE = YES_ERROR;
				GCC_WARN_UNDECLARED_SELECTOR = YES;
				GCC_WARN_UNINITIALIZED_AUTOS = YES_AGGRESSIVE;
				GCC_WARN_UNUSED_FUNCTION = YES;
				GCC_WARN_UNUSED_VARIABLE = YES;
				IPHONEOS_DEPLOYMENT_TARGET = 14.0;
				MTL_ENABLE_DEBUG_INFO = INCLUDE_SOURCE;
				MTL_FAST_MATH = YES;
				ONLY_ACTIVE_ARCH = YES;
				SDKROOT = iphoneos;
				SWIFT_ACTIVE_COMPILATION_CONDITIONS = DEBUG;
				SWIFT_OPTIMIZATION_LEVEL = "-Onone";
			};
			name = Debug;
		};
		478CA0452A6E6012000FA196 /* Release */ = {
			isa = XCBuildConfiguration;
			buildSettings = {
				ALWAYS_SEARCH_USER_PATHS = NO;
				CLANG_ANALYZER_NONNULL = YES;
				CLANG_ANALYZER_NUMBER_OBJECT_CONVERSION = YES_AGGRESSIVE;
				CLANG_CXX_LANGUAGE_STANDARD = "gnu++20";
				CLANG_ENABLE_MODULES = YES;
				CLANG_ENABLE_OBJC_ARC = YES;
				CLANG_ENABLE_OBJC_WEAK = YES;
				CLANG_WARN_BLOCK_CAPTURE_AUTORELEASING = YES;
				CLANG_WARN_BOOL_CONVERSION = YES;
				CLANG_WARN_COMMA = YES;
				CLANG_WARN_CONSTANT_CONVERSION = YES;
				CLANG_WARN_DEPRECATED_OBJC_IMPLEMENTATIONS = YES;
				CLANG_WARN_DIRECT_OBJC_ISA_USAGE = YES_ERROR;
				CLANG_WARN_DOCUMENTATION_COMMENTS = YES;
				CLANG_WARN_EMPTY_BODY = YES;
				CLANG_WARN_ENUM_CONVERSION = YES;
				CLANG_WARN_INFINITE_RECURSION = YES;
				CLANG_WARN_INT_CONVERSION = YES;
				CLANG_WARN_NON_LITERAL_NULL_CONVERSION = YES;
				CLANG_WARN_OBJC_IMPLICIT_RETAIN_SELF = YES;
				CLANG_WARN_OBJC_LITERAL_CONVERSION = YES;
				CLANG_WARN_OBJC_ROOT_CLASS = YES_ERROR;
				CLANG_WARN_QUOTED_INCLUDE_IN_FRAMEWORK_HEADER = YES;
				CLANG_WARN_RANGE_LOOP_ANALYSIS = YES;
				CLANG_WARN_STRICT_PROTOTYPES = YES;
				CLANG_WARN_SUSPICIOUS_MOVE = YES;
				CLANG_WARN_UNGUARDED_AVAILABILITY = YES_AGGRESSIVE;
				CLANG_WARN_UNREACHABLE_CODE = YES;
				CLANG_WARN__DUPLICATE_METHOD_MATCH = YES;
				COPY_PHASE_STRIP = NO;
				DEBUG_INFORMATION_FORMAT = "dwarf-with-dsym";
				ENABLE_NS_ASSERTIONS = NO;
				ENABLE_STRICT_OBJC_MSGSEND = YES;
				GCC_C_LANGUAGE_STANDARD = gnu11;
				GCC_NO_COMMON_BLOCKS = YES;
				GCC_WARN_64_TO_32_BIT_CONVERSION = YES;
				GCC_WARN_ABOUT_RETURN_TYPE = YES_ERROR;
				GCC_WARN_UNDECLARED_SELECTOR = YES;
				GCC_WARN_UNINITIALIZED_AUTOS = YES_AGGRESSIVE;
				GCC_WARN_UNUSED_FUNCTION = YES;
				GCC_WARN_UNUSED_VARIABLE = YES;
				IPHONEOS_DEPLOYMENT_TARGET = 14.0;
				MTL_ENABLE_DEBUG_INFO = NO;
				MTL_FAST_MATH = YES;
				SDKROOT = iphoneos;
				SWIFT_COMPILATION_MODE = wholemodule;
				SWIFT_OPTIMIZATION_LEVEL = "-O";
				VALIDATE_PRODUCT = YES;
			};
			name = Release;
		};
		478CA0472A6E6012000FA196 /* Debug */ = {
			isa = XCBuildConfiguration;
			baseConfigurationReference = 3AB3AC756AE5E04037318087 /* Pods-EyesMap.debug.xcconfig */;
			buildSettings = {
				ASSETCATALOG_COMPILER_APPICON_NAME = AppIcon;
				ASSETCATALOG_COMPILER_GLOBAL_ACCENT_COLOR_NAME = AccentColor;
				CODE_SIGN_STYLE = Automatic;
				CURRENT_PROJECT_VERSION = 1;
				DEVELOPMENT_TEAM = F6SZ5LV55B;
				GENERATE_INFOPLIST_FILE = YES;
				INFOPLIST_FILE = EyesMap/Info.plist;
				INFOPLIST_KEY_UIApplicationSupportsIndirectInputEvents = YES;
				INFOPLIST_KEY_UILaunchStoryboardName = LaunchScreen;
				INFOPLIST_KEY_UISupportedInterfaceOrientations_iPad = "UIInterfaceOrientationPortrait UIInterfaceOrientationPortraitUpsideDown UIInterfaceOrientationLandscapeLeft UIInterfaceOrientationLandscapeRight";
				INFOPLIST_KEY_UISupportedInterfaceOrientations_iPhone = "UIInterfaceOrientationPortrait UIInterfaceOrientationLandscapeLeft UIInterfaceOrientationLandscapeRight";
				IPHONEOS_DEPLOYMENT_TARGET = 14.0;
				LD_RUNPATH_SEARCH_PATHS = (
					"$(inherited)",
					"@executable_path/Frameworks",
				);
				MARKETING_VERSION = 1.0;
				PRODUCT_BUNDLE_IDENTIFIER = App.EyesMap;
				PRODUCT_NAME = "$(TARGET_NAME)";
				SWIFT_EMIT_LOC_STRINGS = YES;
				SWIFT_VERSION = 5.0;
				TARGETED_DEVICE_FAMILY = "1,2";
			};
			name = Debug;
		};
		478CA0482A6E6012000FA196 /* Release */ = {
			isa = XCBuildConfiguration;
			baseConfigurationReference = 8EF040E85EC6435926EC7488 /* Pods-EyesMap.release.xcconfig */;
			buildSettings = {
				ASSETCATALOG_COMPILER_APPICON_NAME = AppIcon;
				ASSETCATALOG_COMPILER_GLOBAL_ACCENT_COLOR_NAME = AccentColor;
				CODE_SIGN_STYLE = Automatic;
				CURRENT_PROJECT_VERSION = 1;
				DEVELOPMENT_TEAM = F6SZ5LV55B;
				GENERATE_INFOPLIST_FILE = YES;
				INFOPLIST_FILE = EyesMap/Info.plist;
				INFOPLIST_KEY_UIApplicationSupportsIndirectInputEvents = YES;
				INFOPLIST_KEY_UILaunchStoryboardName = LaunchScreen;
				INFOPLIST_KEY_UISupportedInterfaceOrientations_iPad = "UIInterfaceOrientationPortrait UIInterfaceOrientationPortraitUpsideDown UIInterfaceOrientationLandscapeLeft UIInterfaceOrientationLandscapeRight";
				INFOPLIST_KEY_UISupportedInterfaceOrientations_iPhone = "UIInterfaceOrientationPortrait UIInterfaceOrientationLandscapeLeft UIInterfaceOrientationLandscapeRight";
				IPHONEOS_DEPLOYMENT_TARGET = 14.0;
				LD_RUNPATH_SEARCH_PATHS = (
					"$(inherited)",
					"@executable_path/Frameworks",
				);
				MARKETING_VERSION = 1.0;
				PRODUCT_BUNDLE_IDENTIFIER = App.EyesMap;
				PRODUCT_NAME = "$(TARGET_NAME)";
				SWIFT_EMIT_LOC_STRINGS = YES;
				SWIFT_VERSION = 5.0;
				TARGETED_DEVICE_FAMILY = "1,2";
			};
			name = Release;
		};
		478CA04A2A6E6012000FA196 /* Debug */ = {
			isa = XCBuildConfiguration;
			baseConfigurationReference = 2D341D8A83E804F7ED90F79C /* Pods-EyesMapTests.debug.xcconfig */;
			buildSettings = {
				ALWAYS_EMBED_SWIFT_STANDARD_LIBRARIES = YES;
				BUNDLE_LOADER = "$(TEST_HOST)";
				CODE_SIGN_STYLE = Automatic;
				CURRENT_PROJECT_VERSION = 1;
				DEVELOPMENT_TEAM = F6SZ5LV55B;
				GENERATE_INFOPLIST_FILE = YES;
				IPHONEOS_DEPLOYMENT_TARGET = 16.4;
				MARKETING_VERSION = 1.0;
				PRODUCT_BUNDLE_IDENTIFIER = App.EyesMapTests;
				PRODUCT_NAME = "$(TARGET_NAME)";
				SWIFT_EMIT_LOC_STRINGS = NO;
				SWIFT_VERSION = 5.0;
				TARGETED_DEVICE_FAMILY = "1,2";
				TEST_HOST = "$(BUILT_PRODUCTS_DIR)/EyesMap.app/$(BUNDLE_EXECUTABLE_FOLDER_PATH)/EyesMap";
			};
			name = Debug;
		};
		478CA04B2A6E6012000FA196 /* Release */ = {
			isa = XCBuildConfiguration;
			baseConfigurationReference = BAECDEF67BFE1587A0DF5159 /* Pods-EyesMapTests.release.xcconfig */;
			buildSettings = {
				ALWAYS_EMBED_SWIFT_STANDARD_LIBRARIES = YES;
				BUNDLE_LOADER = "$(TEST_HOST)";
				CODE_SIGN_STYLE = Automatic;
				CURRENT_PROJECT_VERSION = 1;
				DEVELOPMENT_TEAM = F6SZ5LV55B;
				GENERATE_INFOPLIST_FILE = YES;
				IPHONEOS_DEPLOYMENT_TARGET = 16.4;
				MARKETING_VERSION = 1.0;
				PRODUCT_BUNDLE_IDENTIFIER = App.EyesMapTests;
				PRODUCT_NAME = "$(TARGET_NAME)";
				SWIFT_EMIT_LOC_STRINGS = NO;
				SWIFT_VERSION = 5.0;
				TARGETED_DEVICE_FAMILY = "1,2";
				TEST_HOST = "$(BUILT_PRODUCTS_DIR)/EyesMap.app/$(BUNDLE_EXECUTABLE_FOLDER_PATH)/EyesMap";
			};
			name = Release;
		};
		478CA04D2A6E6012000FA196 /* Debug */ = {
			isa = XCBuildConfiguration;
			baseConfigurationReference = 6995D490ED02FD6FEDC09ABF /* Pods-EyesMap-EyesMapUITests.debug.xcconfig */;
			buildSettings = {
				ALWAYS_EMBED_SWIFT_STANDARD_LIBRARIES = YES;
				CODE_SIGN_STYLE = Automatic;
				CURRENT_PROJECT_VERSION = 1;
				DEVELOPMENT_TEAM = F6SZ5LV55B;
				GENERATE_INFOPLIST_FILE = YES;
				MARKETING_VERSION = 1.0;
				PRODUCT_BUNDLE_IDENTIFIER = App.EyesMapUITests;
				PRODUCT_NAME = "$(TARGET_NAME)";
				SWIFT_EMIT_LOC_STRINGS = NO;
				SWIFT_VERSION = 5.0;
				TARGETED_DEVICE_FAMILY = "1,2";
				TEST_TARGET_NAME = EyesMap;
			};
			name = Debug;
		};
		478CA04E2A6E6012000FA196 /* Release */ = {
			isa = XCBuildConfiguration;
			baseConfigurationReference = FF08826AD812A70609F1B4A4 /* Pods-EyesMap-EyesMapUITests.release.xcconfig */;
			buildSettings = {
				ALWAYS_EMBED_SWIFT_STANDARD_LIBRARIES = YES;
				CODE_SIGN_STYLE = Automatic;
				CURRENT_PROJECT_VERSION = 1;
				DEVELOPMENT_TEAM = F6SZ5LV55B;
				GENERATE_INFOPLIST_FILE = YES;
				MARKETING_VERSION = 1.0;
				PRODUCT_BUNDLE_IDENTIFIER = App.EyesMapUITests;
				PRODUCT_NAME = "$(TARGET_NAME)";
				SWIFT_EMIT_LOC_STRINGS = NO;
				SWIFT_VERSION = 5.0;
				TARGETED_DEVICE_FAMILY = "1,2";
				TEST_TARGET_NAME = EyesMap;
			};
			name = Release;
		};
/* End XCBuildConfiguration section */

/* Begin XCConfigurationList section */
		478CA0172A6E600F000FA196 /* Build configuration list for PBXProject "EyesMap" */ = {
			isa = XCConfigurationList;
			buildConfigurations = (
				478CA0442A6E6012000FA196 /* Debug */,
				478CA0452A6E6012000FA196 /* Release */,
			);
			defaultConfigurationIsVisible = 0;
			defaultConfigurationName = Release;
		};
		478CA0462A6E6012000FA196 /* Build configuration list for PBXNativeTarget "EyesMap" */ = {
			isa = XCConfigurationList;
			buildConfigurations = (
				478CA0472A6E6012000FA196 /* Debug */,
				478CA0482A6E6012000FA196 /* Release */,
			);
			defaultConfigurationIsVisible = 0;
			defaultConfigurationName = Release;
		};
		478CA0492A6E6012000FA196 /* Build configuration list for PBXNativeTarget "EyesMapTests" */ = {
			isa = XCConfigurationList;
			buildConfigurations = (
				478CA04A2A6E6012000FA196 /* Debug */,
				478CA04B2A6E6012000FA196 /* Release */,
			);
			defaultConfigurationIsVisible = 0;
			defaultConfigurationName = Release;
		};
		478CA04C2A6E6012000FA196 /* Build configuration list for PBXNativeTarget "EyesMapUITests" */ = {
			isa = XCConfigurationList;
			buildConfigurations = (
				478CA04D2A6E6012000FA196 /* Debug */,
				478CA04E2A6E6012000FA196 /* Release */,
			);
			defaultConfigurationIsVisible = 0;
			defaultConfigurationName = Release;
		};
/* End XCConfigurationList section */
	};
	rootObject = 478CA0142A6E600F000FA196 /* Project object */;
}
