PODS:
  - Alamofire (5.6.4)
  - BetterSegmentedControl (2.0.1)
  - FloatingPanel (2.6.6)
  - KakaoSDKAuth (2.14.0):
    - KakaoSDKCommon (= 2.14.0)
  - KakaoSDKCommon (2.14.0):
    - KakaoSDKCommon/Common (= 2.14.0)
    - KakaoSDKCommon/Network (= 2.14.0)
  - KakaoSDKCommon/Common (2.14.0)
  - KakaoSDKCommon/Network (2.14.0):
    - Alamofire (~> 5.1)
    - KakaoSDKCommon/Common (= 2.14.0)
  - KakaoSDKUser (2.14.0):
    - KakaoSDKAuth (= 2.14.0)
  - NMapsGeometry (1.0.1)
  - NMapsMap (3.17.0):
    - NMapsGeometry
  - PryntTrimmerView (4.0.2)
  - SDWebImage (5.15.5):
    - SDWebImage/Core (= 5.15.5)
  - SDWebImage/Core (5.15.5)
  - SnapKit (5.6.0)
  - SteviaLayout (4.7.3)
  - YPImagePicker (5.2.1):
    - PryntTrimmerView (= 4.0.2)
    - SteviaLayout (= 4.7.3)

DEPENDENCIES:
  - Alamofire
  - BetterSegmentedControl (~> 2.0)
  - FloatingPanel
  - KakaoSDKAuth
  - KakaoSDKCommon
  - KakaoSDKUser
  - NMapsMap
  - SDWebImage (~> 5.0)
  - SnapKit (~> 5.6.0)
  - YPImagePicker

SPEC REPOS:
  trunk:
    - Alamofire
    - BetterSegmentedControl
    - FloatingPanel
    - KakaoSDKAuth
    - KakaoSDKCommon
    - KakaoSDKUser
    - NMapsGeometry
    - NMapsMap
    - PryntTrimmerView
    - SDWebImage
    - SnapKit
    - SteviaLayout
    - YPImagePicker

SPEC CHECKSUMS:
  Alamofire: 4e95d97098eacb88856099c4fc79b526a299e48c
  BetterSegmentedControl: 09607b27861d49cbce48b7673b74f9150a3d371a
  FloatingPanel: 667860b0346a683f136d7048a91999b73b66907a
  KakaoSDKAuth: 8fca87815de22062a23297983f327613b087b8bb
  KakaoSDKCommon: 0ce638f7a2e49704943c0b74a087a9f8067bba1c
  KakaoSDKUser: 2ca18314ce72e6690f76cb1f6f9fbc771d31a803
  NMapsGeometry: 53c573ead66466681cf123f99f698dc8071a4b83
  NMapsMap: a5b909a31b6f3d27a670f6eb2ddc913c38975474
  PryntTrimmerView: 6a43cc90df5d99addeabd33d4ba09b1365322130
  SDWebImage: fd7e1a22f00303e058058278639bf6196ee431fe
  SnapKit: e01d52ebb8ddbc333eefe2132acf85c8227d9c25
  SteviaLayout: c2ecdcff57d44e38fd2f65e54ad52aeae28ca0c4
  YPImagePicker: f36043210c10b0783034eb1947d6e06e31c461e4

PODFILE CHECKSUM: 8cecff4685ddfb68cde9c91063cf38ecfc1cd857

COCOAPODS: 1.11.3
